// !$*UTF8*$!
{
	archiveVersion = 1;
	classes = {
	};
	objectVersion = 46;
	objects = {

/* Begin PBXBuildFile section */
		3282BD2E1F07331D00C3FAF0 /* UIButton+PPExtension.m in Sources */ = {isa = PBXBuildFile; fileRef = 3282BD2D1F07331D00C3FAF0 /* UIButton+PPExtension.m */; };
		33557F8B1E1CF24300B9A2EB /* main.m in Sources */ = {isa = PBXBuildFile; fileRef = 33557F8A1E1CF24300B9A2EB /* main.m */; };
		33557F8E1E1CF24300B9A2EB /* AppDelegate.m in Sources */ = {isa = PBXBuildFile; fileRef = 33557F8D1E1CF24300B9A2EB /* AppDelegate.m */; };
		33557F911E1CF24300B9A2EB /* ViewController.m in Sources */ = {isa = PBXBuildFile; fileRef = 33557F901E1CF24300B9A2EB /* ViewController.m */; };
		33557F941E1CF24300B9A2EB /* Main.storyboard in Resources */ = {isa = PBXBuildFile; fileRef = 33557F921E1CF24300B9A2EB /* Main.storyboard */; };
		33557F961E1CF24300B9A2EB /* Assets.xcassets in Resources */ = {isa = PBXBuildFile; fileRef = 33557F951E1CF24300B9A2EB /* Assets.xcassets */; };
		33557F991E1CF24300B9A2EB /* LaunchScreen.storyboard in Resources */ = {isa = PBXBuildFile; fileRef = 33557F971E1CF24300B9A2EB /* LaunchScreen.storyboard */; };
		33557FA41E1CF24400B9A2EB /* PPCategoriesExampleTests.m in Sources */ = {isa = PBXBuildFile; fileRef = 33557FA31E1CF24400B9A2EB /* PPCategoriesExampleTests.m */; };
		33557FAF1E1CF24400B9A2EB /* PPCategoriesExampleUITests.m in Sources */ = {isa = PBXBuildFile; fileRef = 33557FAE1E1CF24400B9A2EB /* PPCategoriesExampleUITests.m */; };
		335580331E1CFF8B00B9A2EB /* NSDate+PPExtension.m in Sources */ = {isa = PBXBuildFile; fileRef = 335580151E1CFF8B00B9A2EB /* NSDate+PPExtension.m */; };
		335580341E1CFF8B00B9A2EB /* NSObject+PPExtension.m in Sources */ = {isa = PBXBuildFile; fileRef = 335580181E1CFF8B00B9A2EB /* NSObject+PPExtension.m */; };
		335580351E1CFF8B00B9A2EB /* NSString+PPExtension.m in Sources */ = {isa = PBXBuildFile; fileRef = 3355801B1E1CFF8B00B9A2EB /* NSString+PPExtension.m */; };
		335580361E1CFF8B00B9A2EB /* UIApplication+PPExtension.m in Sources */ = {isa = PBXBuildFile; fileRef = 335580211E1CFF8B00B9A2EB /* UIApplication+PPExtension.m */; };
		335580381E1CFF8B00B9A2EB /* UIColor+PPExtension.m in Sources */ = {isa = PBXBuildFile; fileRef = 335580271E1CFF8B00B9A2EB /* UIColor+PPExtension.m */; };
		335580391E1CFF8B00B9A2EB /* UIImage+PPExtension.m in Sources */ = {isa = PBXBuildFile; fileRef = 3355802A1E1CFF8B00B9A2EB /* UIImage+PPExtension.m */; };
		3355803A1E1CFF8B00B9A2EB /* PPBadgeView.m in Sources */ = {isa = PBXBuildFile; fileRef = 3355802D1E1CFF8B00B9A2EB /* PPBadgeView.m */; };
		3355803B1E1CFF8B00B9A2EB /* UITabBar+PPBadge.m in Sources */ = {isa = PBXBuildFile; fileRef = 3355802F1E1CFF8B00B9A2EB /* UITabBar+PPBadge.m */; };
		3355803C1E1CFF8B00B9A2EB /* UIView+PPExtension.m in Sources */ = {isa = PBXBuildFile; fileRef = 335580321E1CFF8B00B9A2EB /* UIView+PPExtension.m */; };
/* End PBXBuildFile section */

/* Begin PBXContainerItemProxy section */
		33557FA01E1CF24400B9A2EB /* PBXContainerItemProxy */ = {
			isa = PBXContainerItemProxy;
			containerPortal = 33557F7E1E1CF24300B9A2EB /* Project object */;
			proxyType = 1;
			remoteGlobalIDString = 33557F851E1CF24300B9A2EB;
			remoteInfo = PPCategoriesExample;
		};
		33557FAB1E1CF24400B9A2EB /* PBXContainerItemProxy */ = {
			isa = PBXContainerItemProxy;
			containerPortal = 33557F7E1E1CF24300B9A2EB /* Project object */;
			proxyType = 1;
			remoteGlobalIDString = 33557F851E1CF24300B9A2EB;
			remoteInfo = PPCategoriesExample;
		};
/* End PBXContainerItemProxy section */

/* Begin PBXFileReference section */
		325446301F9D9CC500E2FF65 /* PrefixHeader.h */ = {isa = PBXFileReference; lastKnownFileType = sourcecode.c.h; path = PrefixHeader.h; sourceTree = "<group>"; };
		3282BD2C1F07331D00C3FAF0 /* UIButton+PPExtension.h */ = {isa = PBXFileReference; fileEncoding = 4; lastKnownFileType = sourcecode.c.h; path = "UIButton+PPExtension.h"; sourceTree = "<group>"; };
		3282BD2D1F07331D00C3FAF0 /* UIButton+PPExtension.m */ = {isa = PBXFileReference; fileEncoding = 4; lastKnownFileType = sourcecode.c.objc; path = "UIButton+PPExtension.m"; sourceTree = "<group>"; };
		33557F861E1CF24300B9A2EB /* PPCategoriesExample.app */ = {isa = PBXFileReference; explicitFileType = wrapper.application; includeInIndex = 0; path = PPCategoriesExample.app; sourceTree = BUILT_PRODUCTS_DIR; };
		33557F8A1E1CF24300B9A2EB /* main.m */ = {isa = PBXFileReference; lastKnownFileType = sourcecode.c.objc; path = main.m; sourceTree = "<group>"; };
		33557F8C1E1CF24300B9A2EB /* AppDelegate.h */ = {isa = PBXFileReference; lastKnownFileType = sourcecode.c.h; path = AppDelegate.h; sourceTree = "<group>"; };
		33557F8D1E1CF24300B9A2EB /* AppDelegate.m */ = {isa = PBXFileReference; lastKnownFileType = sourcecode.c.objc; path = AppDelegate.m; sourceTree = "<group>"; };
		33557F8F1E1CF24300B9A2EB /* ViewController.h */ = {isa = PBXFileReference; lastKnownFileType = sourcecode.c.h; path = ViewController.h; sourceTree = "<group>"; };
		33557F901E1CF24300B9A2EB /* ViewController.m */ = {isa = PBXFileReference; lastKnownFileType = sourcecode.c.objc; path = ViewController.m; sourceTree = "<group>"; };
		33557F931E1CF24300B9A2EB /* Base */ = {isa = PBXFileReference; lastKnownFileType = file.storyboard; name = Base; path = Base.lproj/Main.storyboard; sourceTree = "<group>"; };
		33557F951E1CF24300B9A2EB /* Assets.xcassets */ = {isa = PBXFileReference; lastKnownFileType = folder.assetcatalog; path = Assets.xcassets; sourceTree = "<group>"; };
		33557F981E1CF24300B9A2EB /* Base */ = {isa = PBXFileReference; lastKnownFileType = file.storyboard; name = Base; path = Base.lproj/LaunchScreen.storyboard; sourceTree = "<group>"; };
		33557F9A1E1CF24300B9A2EB /* Info.plist */ = {isa = PBXFileReference; lastKnownFileType = text.plist.xml; path = Info.plist; sourceTree = "<group>"; };
		33557F9F1E1CF24400B9A2EB /* PPCategoriesExampleTests.xctest */ = {isa = PBXFileReference; explicitFileType = wrapper.cfbundle; includeInIndex = 0; path = PPCategoriesExampleTests.xctest; sourceTree = BUILT_PRODUCTS_DIR; };
		33557FA31E1CF24400B9A2EB /* PPCategoriesExampleTests.m */ = {isa = PBXFileReference; lastKnownFileType = sourcecode.c.objc; path = PPCategoriesExampleTests.m; sourceTree = "<group>"; };
		33557FA51E1CF24400B9A2EB /* Info.plist */ = {isa = PBXFileReference; lastKnownFileType = text.plist.xml; path = Info.plist; sourceTree = "<group>"; };
		33557FAA1E1CF24400B9A2EB /* PPCategoriesExampleUITests.xctest */ = {isa = PBXFileReference; explicitFileType = wrapper.cfbundle; includeInIndex = 0; path = PPCategoriesExampleUITests.xctest; sourceTree = BUILT_PRODUCTS_DIR; };
		33557FAE1E1CF24400B9A2EB /* PPCategoriesExampleUITests.m */ = {isa = PBXFileReference; lastKnownFileType = sourcecode.c.objc; path = PPCategoriesExampleUITests.m; sourceTree = "<group>"; };
		33557FB01E1CF24400B9A2EB /* Info.plist */ = {isa = PBXFileReference; lastKnownFileType = text.plist.xml; path = Info.plist; sourceTree = "<group>"; };
		335580141E1CFF8B00B9A2EB /* NSDate+PPExtension.h */ = {isa = PBXFileReference; fileEncoding = 4; lastKnownFileType = sourcecode.c.h; path = "NSDate+PPExtension.h"; sourceTree = "<group>"; };
		335580151E1CFF8B00B9A2EB /* NSDate+PPExtension.m */ = {isa = PBXFileReference; fileEncoding = 4; lastKnownFileType = sourcecode.c.objc; path = "NSDate+PPExtension.m"; sourceTree = "<group>"; };
		335580171E1CFF8B00B9A2EB /* NSObject+PPExtension.h */ = {isa = PBXFileReference; fileEncoding = 4; lastKnownFileType = sourcecode.c.h; path = "NSObject+PPExtension.h"; sourceTree = "<group>"; };
		335580181E1CFF8B00B9A2EB /* NSObject+PPExtension.m */ = {isa = PBXFileReference; fileEncoding = 4; lastKnownFileType = sourcecode.c.objc; path = "NSObject+PPExtension.m"; sourceTree = "<group>"; };
		3355801A1E1CFF8B00B9A2EB /* NSString+PPExtension.h */ = {isa = PBXFileReference; fileEncoding = 4; lastKnownFileType = sourcecode.c.h; path = "NSString+PPExtension.h"; sourceTree = "<group>"; };
		3355801B1E1CFF8B00B9A2EB /* NSString+PPExtension.m */ = {isa = PBXFileReference; fileEncoding = 4; lastKnownFileType = sourcecode.c.objc; path = "NSString+PPExtension.m"; sourceTree = "<group>"; };
		3355801C1E1CFF8B00B9A2EB /* PPCategories.h */ = {isa = PBXFileReference; fileEncoding = 4; lastKnownFileType = sourcecode.c.h; path = PPCategories.h; sourceTree = "<group>"; };
		3355801E1E1CFF8B00B9A2EB /* Single.h */ = {isa = PBXFileReference; fileEncoding = 4; lastKnownFileType = sourcecode.c.h; path = Single.h; sourceTree = "<group>"; };
		335580201E1CFF8B00B9A2EB /* UIApplication+PPExtension.h */ = {isa = PBXFileReference; fileEncoding = 4; lastKnownFileType = sourcecode.c.h; path = "UIApplication+PPExtension.h"; sourceTree = "<group>"; };
		335580211E1CFF8B00B9A2EB /* UIApplication+PPExtension.m */ = {isa = PBXFileReference; fileEncoding = 4; lastKnownFileType = sourcecode.c.objc; path = "UIApplication+PPExtension.m"; sourceTree = "<group>"; };
		335580261E1CFF8B00B9A2EB /* UIColor+PPExtension.h */ = {isa = PBXFileReference; fileEncoding = 4; lastKnownFileType = sourcecode.c.h; path = "UIColor+PPExtension.h"; sourceTree = "<group>"; };
		335580271E1CFF8B00B9A2EB /* UIColor+PPExtension.m */ = {isa = PBXFileReference; fileEncoding = 4; lastKnownFileType = sourcecode.c.objc; path = "UIColor+PPExtension.m"; sourceTree = "<group>"; };
		335580291E1CFF8B00B9A2EB /* UIImage+PPExtension.h */ = {isa = PBXFileReference; fileEncoding = 4; lastKnownFileType = sourcecode.c.h; path = "UIImage+PPExtension.h"; sourceTree = "<group>"; };
		3355802A1E1CFF8B00B9A2EB /* UIImage+PPExtension.m */ = {isa = PBXFileReference; fileEncoding = 4; lastKnownFileType = sourcecode.c.objc; path = "UIImage+PPExtension.m"; sourceTree = "<group>"; };
		3355802C1E1CFF8B00B9A2EB /* PPBadgeView.h */ = {isa = PBXFileReference; fileEncoding = 4; lastKnownFileType = sourcecode.c.h; path = PPBadgeView.h; sourceTree = "<group>"; };
		3355802D1E1CFF8B00B9A2EB /* PPBadgeView.m */ = {isa = PBXFileReference; fileEncoding = 4; lastKnownFileType = sourcecode.c.objc; path = PPBadgeView.m; sourceTree = "<group>"; };
		3355802E1E1CFF8B00B9A2EB /* UITabBar+PPBadge.h */ = {isa = PBXFileReference; fileEncoding = 4; lastKnownFileType = sourcecode.c.h; path = "UITabBar+PPBadge.h"; sourceTree = "<group>"; };
		3355802F1E1CFF8B00B9A2EB /* UITabBar+PPBadge.m */ = {isa = PBXFileReference; fileEncoding = 4; lastKnownFileType = sourcecode.c.objc; path = "UITabBar+PPBadge.m"; sourceTree = "<group>"; };
		335580311E1CFF8B00B9A2EB /* UIView+PPExtension.h */ = {isa = PBXFileReference; fileEncoding = 4; lastKnownFileType = sourcecode.c.h; path = "UIView+PPExtension.h"; sourceTree = "<group>"; };
		335580321E1CFF8B00B9A2EB /* UIView+PPExtension.m */ = {isa = PBXFileReference; fileEncoding = 4; lastKnownFileType = sourcecode.c.objc; path = "UIView+PPExtension.m"; sourceTree = "<group>"; };
/* End PBXFileReference section */

/* Begin PBXFrameworksBuildPhase section */
		33557F831E1CF24300B9A2EB /* Frameworks */ = {
			isa = PBXFrameworksBuildPhase;
			buildActionMask = 2147483647;
			files = (
			);
			runOnlyForDeploymentPostprocessing = 0;
		};
		33557F9C1E1CF24400B9A2EB /* Frameworks */ = {
			isa = PBXFrameworksBuildPhase;
			buildActionMask = 2147483647;
			files = (
			);
			runOnlyForDeploymentPostprocessing = 0;
		};
		33557FA71E1CF24400B9A2EB /* Frameworks */ = {
			isa = PBXFrameworksBuildPhase;
			buildActionMask = 2147483647;
			files = (
			);
			runOnlyForDeploymentPostprocessing = 0;
		};
/* End PBXFrameworksBuildPhase section */

/* Begin PBXGroup section */
		3282BD2B1F07330B00C3FAF0 /* UIButton */ = {
			isa = PBXGroup;
			children = (
				3282BD2C1F07331D00C3FAF0 /* UIButton+PPExtension.h */,
				3282BD2D1F07331D00C3FAF0 /* UIButton+PPExtension.m */,
			);
			path = UIButton;
			sourceTree = "<group>";
		};
		33557F7D1E1CF24300B9A2EB = {
			isa = PBXGroup;
			children = (
				33557F881E1CF24300B9A2EB /* PPCategoriesExample */,
				33557FA21E1CF24400B9A2EB /* PPCategoriesExampleTests */,
				33557FAD1E1CF24400B9A2EB /* PPCategoriesExampleUITests */,
				33557F871E1CF24300B9A2EB /* Products */,
			);
			sourceTree = "<group>";
		};
		33557F871E1CF24300B9A2EB /* Products */ = {
			isa = PBXGroup;
			children = (
				33557F861E1CF24300B9A2EB /* PPCategoriesExample.app */,
				33557F9F1E1CF24400B9A2EB /* PPCategoriesExampleTests.xctest */,
				33557FAA1E1CF24400B9A2EB /* PPCategoriesExampleUITests.xctest */,
			);
			name = Products;
			sourceTree = "<group>";
		};
		33557F881E1CF24300B9A2EB /* PPCategoriesExample */ = {
			isa = PBXGroup;
			children = (
				335580121E1CFF8B00B9A2EB /* PPCategories */,
				33557F8C1E1CF24300B9A2EB /* AppDelegate.h */,
				33557F8D1E1CF24300B9A2EB /* AppDelegate.m */,
				33557F8F1E1CF24300B9A2EB /* ViewController.h */,
				33557F901E1CF24300B9A2EB /* ViewController.m */,
				325446301F9D9CC500E2FF65 /* PrefixHeader.h */,
				3355803D1E1D002100B9A2EB /* Ohter */,
				33557F891E1CF24300B9A2EB /* Supporting Files */,
			);
			path = PPCategoriesExample;
			sourceTree = "<group>";
		};
		33557F891E1CF24300B9A2EB /* Supporting Files */ = {
			isa = PBXGroup;
			children = (
				33557F8A1E1CF24300B9A2EB /* main.m */,
			);
			name = "Supporting Files";
			sourceTree = "<group>";
		};
		33557FA21E1CF24400B9A2EB /* PPCategoriesExampleTests */ = {
			isa = PBXGroup;
			children = (
				33557FA31E1CF24400B9A2EB /* PPCategoriesExampleTests.m */,
				33557FA51E1CF24400B9A2EB /* Info.plist */,
			);
			path = PPCategoriesExampleTests;
			sourceTree = "<group>";
		};
		33557FAD1E1CF24400B9A2EB /* PPCategoriesExampleUITests */ = {
			isa = PBXGroup;
			children = (
				33557FAE1E1CF24400B9A2EB /* PPCategoriesExampleUITests.m */,
				33557FB01E1CF24400B9A2EB /* Info.plist */,
			);
			path = PPCategoriesExampleUITests;
			sourceTree = "<group>";
		};
		335580121E1CFF8B00B9A2EB /* PPCategories */ = {
			isa = PBXGroup;
			children = (
				3355801C1E1CFF8B00B9A2EB /* PPCategories.h */,
				335580131E1CFF8B00B9A2EB /* NSDate */,
				335580161E1CFF8B00B9A2EB /* NSObject */,
				335580191E1CFF8B00B9A2EB /* NSString */,
				3355801D1E1CFF8B00B9A2EB /* SingleClass */,
				3355801F1E1CFF8B00B9A2EB /* UIApplication */,
				335580251E1CFF8B00B9A2EB /* UIColor */,
				335580281E1CFF8B00B9A2EB /* UIImage */,
				3282BD2B1F07330B00C3FAF0 /* UIButton */,
				3355802B1E1CFF8B00B9A2EB /* UITabBar */,
				335580301E1CFF8B00B9A2EB /* UIView */,
			);
			name = PPCategories;
			path = ../../PPCategories;
			sourceTree = "<group>";
		};
		335580131E1CFF8B00B9A2EB /* NSDate */ = {
			isa = PBXGroup;
			children = (
				335580141E1CFF8B00B9A2EB /* NSDate+PPExtension.h */,
				335580151E1CFF8B00B9A2EB /* NSDate+PPExtension.m */,
			);
			path = NSDate;
			sourceTree = "<group>";
		};
		335580161E1CFF8B00B9A2EB /* NSObject */ = {
			isa = PBXGroup;
			children = (
				335580171E1CFF8B00B9A2EB /* NSObject+PPExtension.h */,
				335580181E1CFF8B00B9A2EB /* NSObject+PPExtension.m */,
			);
			path = NSObject;
			sourceTree = "<group>";
		};
		335580191E1CFF8B00B9A2EB /* NSString */ = {
			isa = PBXGroup;
			children = (
				3355801A1E1CFF8B00B9A2EB /* NSString+PPExtension.h */,
				3355801B1E1CFF8B00B9A2EB /* NSString+PPExtension.m */,
			);
			path = NSString;
			sourceTree = "<group>";
		};
		3355801D1E1CFF8B00B9A2EB /* SingleClass */ = {
			isa = PBXGroup;
			children = (
				3355801E1E1CFF8B00B9A2EB /* Single.h */,
			);
			path = SingleClass;
			sourceTree = "<group>";
		};
		3355801F1E1CFF8B00B9A2EB /* UIApplication */ = {
			isa = PBXGroup;
			children = (
				335580201E1CFF8B00B9A2EB /* UIApplication+PPExtension.h */,
				335580211E1CFF8B00B9A2EB /* UIApplication+PPExtension.m */,
			);
			path = UIApplication;
			sourceTree = "<group>";
		};
		335580251E1CFF8B00B9A2EB /* UIColor */ = {
			isa = PBXGroup;
			children = (
				335580261E1CFF8B00B9A2EB /* UIColor+PPExtension.h */,
				335580271E1CFF8B00B9A2EB /* UIColor+PPExtension.m */,
			);
			path = UIColor;
			sourceTree = "<group>";
		};
		335580281E1CFF8B00B9A2EB /* UIImage */ = {
			isa = PBXGroup;
			children = (
				335580291E1CFF8B00B9A2EB /* UIImage+PPExtension.h */,
				3355802A1E1CFF8B00B9A2EB /* UIImage+PPExtension.m */,
			);
			path = UIImage;
			sourceTree = "<group>";
		};
		3355802B1E1CFF8B00B9A2EB /* UITabBar */ = {
			isa = PBXGroup;
			children = (
				3355802C1E1CFF8B00B9A2EB /* PPBadgeView.h */,
				3355802D1E1CFF8B00B9A2EB /* PPBadgeView.m */,
				3355802E1E1CFF8B00B9A2EB /* UITabBar+PPBadge.h */,
				3355802F1E1CFF8B00B9A2EB /* UITabBar+PPBadge.m */,
			);
			path = UITabBar;
			sourceTree = "<group>";
		};
		335580301E1CFF8B00B9A2EB /* UIView */ = {
			isa = PBXGroup;
			children = (
				335580311E1CFF8B00B9A2EB /* UIView+PPExtension.h */,
				335580321E1CFF8B00B9A2EB /* UIView+PPExtension.m */,
			);
			path = UIView;
			sourceTree = "<group>";
		};
		3355803D1E1D002100B9A2EB /* Ohter */ = {
			isa = PBXGroup;
			children = (
				33557F921E1CF24300B9A2EB /* Main.storyboard */,
				33557F951E1CF24300B9A2EB /* Assets.xcassets */,
				33557F971E1CF24300B9A2EB /* LaunchScreen.storyboard */,
				33557F9A1E1CF24300B9A2EB /* Info.plist */,
			);
			name = Ohter;
			sourceTree = "<group>";
		};
/* End PBXGroup section */

/* Begin PBXNativeTarget section */
		33557F851E1CF24300B9A2EB /* PPCategoriesExample */ = {
			isa = PBXNativeTarget;
			buildConfigurationList = 33557FB31E1CF24400B9A2EB /* Build configuration list for PBXNativeTarget "PPCategoriesExample" */;
			buildPhases = (
				33557F821E1CF24300B9A2EB /* Sources */,
				33557F831E1CF24300B9A2EB /* Frameworks */,
				33557F841E1CF24300B9A2EB /* Resources */,
			);
			buildRules = (
			);
			dependencies = (
			);
			name = PPCategoriesExample;
			productName = PPCategoriesExample;
			productReference = 33557F861E1CF24300B9A2EB /* PPCategoriesExample.app */;
			productType = "com.apple.product-type.application";
		};
		33557F9E1E1CF24400B9A2EB /* PPCategoriesExampleTests */ = {
			isa = PBXNativeTarget;
			buildConfigurationList = 33557FB61E1CF24400B9A2EB /* Build configuration list for PBXNativeTarget "PPCategoriesExampleTests" */;
			buildPhases = (
				33557F9B1E1CF24400B9A2EB /* Sources */,
				33557F9C1E1CF24400B9A2EB /* Frameworks */,
				33557F9D1E1CF24400B9A2EB /* Resources */,
			);
			buildRules = (
			);
			dependencies = (
				33557FA11E1CF24400B9A2EB /* PBXTargetDependency */,
			);
			name = PPCategoriesExampleTests;
			productName = PPCategoriesExampleTests;
			productReference = 33557F9F1E1CF24400B9A2EB /* PPCategoriesExampleTests.xctest */;
			productType = "com.apple.product-type.bundle.unit-test";
		};
		33557FA91E1CF24400B9A2EB /* PPCategoriesExampleUITests */ = {
			isa = PBXNativeTarget;
			buildConfigurationList = 33557FB91E1CF24400B9A2EB /* Build configuration list for PBXNativeTarget "PPCategoriesExampleUITests" */;
			buildPhases = (
				33557FA61E1CF24400B9A2EB /* Sources */,
				33557FA71E1CF24400B9A2EB /* Frameworks */,
				33557FA81E1CF24400B9A2EB /* Resources */,
			);
			buildRules = (
			);
			dependencies = (
				33557FAC1E1CF24400B9A2EB /* PBXTargetDependency */,
			);
			name = PPCategoriesExampleUITests;
			productName = PPCategoriesExampleUITests;
			productReference = 33557FAA1E1CF24400B9A2EB /* PPCategoriesExampleUITests.xctest */;
			productType = "com.apple.product-type.bundle.ui-testing";
		};
/* End PBXNativeTarget section */

/* Begin PBXProject section */
		33557F7E1E1CF24300B9A2EB /* Project object */ = {
			isa = PBXProject;
			attributes = {
				LastUpgradeCheck = 0810;
				ORGANIZATIONNAME = swift520;
				TargetAttributes = {
					33557F851E1CF24300B9A2EB = {
						CreatedOnToolsVersion = 8.1;
						ProvisioningStyle = Automatic;
					};
					33557F9E1E1CF24400B9A2EB = {
						CreatedOnToolsVersion = 8.1;
						ProvisioningStyle = Automatic;
						TestTargetID = 33557F851E1CF24300B9A2EB;
					};
					33557FA91E1CF24400B9A2EB = {
						CreatedOnToolsVersion = 8.1;
						ProvisioningStyle = Automatic;
						TestTargetID = 33557F851E1CF24300B9A2EB;
					};
				};
			};
			buildConfigurationList = 33557F811E1CF24300B9A2EB /* Build configuration list for PBXProject "PPCategoriesExample" */;
			compatibilityVersion = "Xcode 3.2";
			developmentRegion = English;
			hasScannedForEncodings = 0;
			knownRegions = (
				en,
				Base,
			);
			mainGroup = 33557F7D1E1CF24300B9A2EB;
			productRefGroup = 33557F871E1CF24300B9A2EB /* Products */;
			projectDirPath = "";
			projectRoot = "";
			targets = (
				33557F851E1CF24300B9A2EB /* PPCategoriesExample */,
				33557F9E1E1CF24400B9A2EB /* PPCategoriesExampleTests */,
				33557FA91E1CF24400B9A2EB /* PPCategoriesExampleUITests */,
			);
		};
/* End PBXProject section */

/* Begin PBXResourcesBuildPhase section */
		33557F841E1CF24300B9A2EB /* Resources */ = {
			isa = PBXResourcesBuildPhase;
			buildActionMask = 2147483647;
			files = (
				33557F991E1CF24300B9A2EB /* LaunchScreen.storyboard in Resources */,
				33557F961E1CF24300B9A2EB /* Assets.xcassets in Resources */,
				33557F941E1CF24300B9A2EB /* Main.storyboard in Resources */,
			);
			runOnlyForDeploymentPostprocessing = 0;
		};
		33557F9D1E1CF24400B9A2EB /* Resources */ = {
			isa = PBXResourcesBuildPhase;
			buildActionMask = 2147483647;
			files = (
			);
			runOnlyForDeploymentPostprocessing = 0;
		};
		33557FA81E1CF24400B9A2EB /* Resources */ = {
			isa = PBXResourcesBuildPhase;
			buildActionMask = 2147483647;
			files = (
			);
			runOnlyForDeploymentPostprocessing = 0;
		};
/* End PBXResourcesBuildPhase section */

/* Begin PBXSourcesBuildPhase section */
		33557F821E1CF24300B9A2EB /* Sources */ = {
			isa = PBXSourcesBuildPhase;
			buildActionMask = 2147483647;
			files = (
				3355803C1E1CFF8B00B9A2EB /* UIView+PPExtension.m in Sources */,
				3282BD2E1F07331D00C3FAF0 /* UIButton+PPExtension.m in Sources */,
				33557F911E1CF24300B9A2EB /* ViewController.m in Sources */,
				335580391E1CFF8B00B9A2EB /* UIImage+PPExtension.m in Sources */,
				33557F8E1E1CF24300B9A2EB /* AppDelegate.m in Sources */,
				335580331E1CFF8B00B9A2EB /* NSDate+PPExtension.m in Sources */,
				335580361E1CFF8B00B9A2EB /* UIApplication+PPExtension.m in Sources */,
				33557F8B1E1CF24300B9A2EB /* main.m in Sources */,
				335580341E1CFF8B00B9A2EB /* NSObject+PPExtension.m in Sources */,
				3355803A1E1CFF8B00B9A2EB /* PPBadgeView.m in Sources */,
				3355803B1E1CFF8B00B9A2EB /* UITabBar+PPBadge.m in Sources */,
				335580381E1CFF8B00B9A2EB /* UIColor+PPExtension.m in Sources */,
				335580351E1CFF8B00B9A2EB /* NSString+PPExtension.m in Sources */,
			);
			runOnlyForDeploymentPostprocessing = 0;
		};
		33557F9B1E1CF24400B9A2EB /* Sources */ = {
			isa = PBXSourcesBuildPhase;
			buildActionMask = 2147483647;
			files = (
				33557FA41E1CF24400B9A2EB /* PPCategoriesExampleTests.m in Sources */,
			);
			runOnlyForDeploymentPostprocessing = 0;
		};
		33557FA61E1CF24400B9A2EB /* Sources */ = {
			isa = PBXSourcesBuildPhase;
			buildActionMask = 2147483647;
			files = (
				33557FAF1E1CF24400B9A2EB /* PPCategoriesExampleUITests.m in Sources */,
			);
			runOnlyForDeploymentPostprocessing = 0;
		};
/* End PBXSourcesBuildPhase section */

/* Begin PBXTargetDependency section */
		33557FA11E1CF24400B9A2EB /* PBXTargetDependency */ = {
			isa = PBXTargetDependency;
			target = 33557F851E1CF24300B9A2EB /* PPCategoriesExample */;
			targetProxy = 33557FA01E1CF24400B9A2EB /* PBXContainerItemProxy */;
		};
		33557FAC1E1CF24400B9A2EB /* PBXTargetDependency */ = {
			isa = PBXTargetDependency;
			target = 33557F851E1CF24300B9A2EB /* PPCategoriesExample */;
			targetProxy = 33557FAB1E1CF24400B9A2EB /* PBXContainerItemProxy */;
		};
/* End PBXTargetDependency section */

/* Begin PBXVariantGroup section */
		33557F921E1CF24300B9A2EB /* Main.storyboard */ = {
			isa = PBXVariantGroup;
			children = (
				33557F931E1CF24300B9A2EB /* Base */,
			);
			name = Main.storyboard;
			sourceTree = "<group>";
		};
		33557F971E1CF24300B9A2EB /* LaunchScreen.storyboard */ = {
			isa = PBXVariantGroup;
			children = (
				33557F981E1CF24300B9A2EB /* Base */,
			);
			name = LaunchScreen.storyboard;
			sourceTree = "<group>";
		};
/* End PBXVariantGroup section */

/* Begin XCBuildConfiguration section */
		33557FB11E1CF24400B9A2EB /* Debug */ = {
			isa = XCBuildConfiguration;
			buildSettings = {
				ALWAYS_SEARCH_USER_PATHS = NO;
				CLANG_ANALYZER_NONNULL = YES;
				CLANG_CXX_LANGUAGE_STANDARD = "gnu++0x";
				CLANG_CXX_LIBRARY = "libc++";
				CLANG_ENABLE_MODULES = YES;
				CLANG_ENABLE_OBJC_ARC = YES;
				CLANG_WARN_BOOL_CONVERSION = YES;
				CLANG_WARN_CONSTANT_CONVERSION = YES;
				CLANG_WARN_DIRECT_OBJC_ISA_USAGE = YES_ERROR;
				CLANG_WARN_DOCUMENTATION_COMMENTS = YES;
				CLANG_WARN_EMPTY_BODY = YES;
				CLANG_WARN_ENUM_CONVERSION = YES;
				CLANG_WARN_INFINITE_RECURSION = YES;
				CLANG_WARN_INT_CONVERSION = YES;
				CLANG_WARN_OBJC_ROOT_CLASS = YES_ERROR;
				CLANG_WARN_SUSPICIOUS_MOVES = YES;
				CLANG_WARN_UNREACHABLE_CODE = YES;
				CLANG_WARN__DUPLICATE_METHOD_MATCH = YES;
				"CODE_SIGN_IDENTITY[sdk=iphoneos*]" = "iPhone Developer";
				COPY_PHASE_STRIP = NO;
				DEBUG_INFORMATION_FORMAT = dwarf;
				ENABLE_STRICT_OBJC_MSGSEND = YES;
				ENABLE_TESTABILITY = YES;
				GCC_C_LANGUAGE_STANDARD = gnu99;
				GCC_DYNAMIC_NO_PIC = NO;
				GCC_NO_COMMON_BLOCKS = YES;
				GCC_OPTIMIZATION_LEVEL = 0;
				GCC_PREPROCESSOR_DEFINITIONS = (
					"DEBUG=1",
					"$(inherited)",
				);
				GCC_WARN_64_TO_32_BIT_CONVERSION = YES;
				GCC_WARN_ABOUT_RETURN_TYPE = YES_ERROR;
				GCC_WARN_UNDECLARED_SELECTOR = YES;
				GCC_WARN_UNINITIALIZED_AUTOS = YES_AGGRESSIVE;
				GCC_WARN_UNUSED_FUNCTION = YES;
				GCC_WARN_UNUSED_VARIABLE = YES;
				IPHONEOS_DEPLOYMENT_TARGET = 10.1;
				MTL_ENABLE_DEBUG_INFO = YES;
				ONLY_ACTIVE_ARCH = YES;
				SDKROOT = iphoneos;
			};
			name = Debug;
		};
		33557FB21E1CF24400B9A2EB /* Release */ = {
			isa = XCBuildConfiguration;
			buildSettings = {
				ALWAYS_SEARCH_USER_PATHS = NO;
				CLANG_ANALYZER_NONNULL = YES;
				CLANG_CXX_LANGUAGE_STANDARD = "gnu++0x";
				CLANG_CXX_LIBRARY = "libc++";
				CLANG_ENABLE_MODULES = YES;
				CLANG_ENABLE_OBJC_ARC = YES;
				CLANG_WARN_BOOL_CONVERSION = YES;
				CLANG_WARN_CONSTANT_CONVERSION = YES;
				CLANG_WARN_DIRECT_OBJC_ISA_USAGE = YES_ERROR;
				CLANG_WARN_DOCUMENTATION_COMMENTS = YES;
				CLANG_WARN_EMPTY_BODY = YES;
				CLANG_WARN_ENUM_CONVERSION = YES;
				CLANG_WARN_INFINITE_RECURSION = YES;
				CLANG_WARN_INT_CONVERSION = YES;
				CLANG_WARN_OBJC_ROOT_CLASS = YES_ERROR;
				CLANG_WARN_SUSPICIOUS_MOVES = YES;
				CLANG_WARN_UNREACHABLE_CODE = YES;
				CLANG_WARN__DUPLICATE_METHOD_MATCH = YES;
				"CODE_SIGN_IDENTITY[sdk=iphoneos*]" = "iPhone Developer";
				COPY_PHASE_STRIP = NO;
				DEBUG_INFORMATION_FORMAT = "dwarf-with-dsym";
				ENABLE_NS_ASSERTIONS = NO;
				ENABLE_STRICT_OBJC_MSGSEND = YES;
				GCC_C_LANGUAGE_STANDARD = gnu99;
				GCC_NO_COMMON_BLOCKS = YES;
				GCC_WARN_64_TO_32_BIT_CONVERSION = YES;
				GCC_WARN_ABOUT_RETURN_TYPE = YES_ERROR;
				GCC_WARN_UNDECLARED_SELECTOR = YES;
				GCC_WARN_UNINITIALIZED_AUTOS = YES_AGGRESSIVE;
				GCC_WARN_UNUSED_FUNCTION = YES;
				GCC_WARN_UNUSED_VARIABLE = YES;
				IPHONEOS_DEPLOYMENT_TARGET = 10.1;
				MTL_ENABLE_DEBUG_INFO = NO;
				SDKROOT = iphoneos;
				VALIDATE_PRODUCT = YES;
			};
			name = Release;
		};
		33557FB41E1CF24400B9A2EB /* Debug */ = {
			isa = XCBuildConfiguration;
			buildSettings = {
				ASSETCATALOG_COMPILER_APPICON_NAME = AppIcon;
				GCC_PREFIX_HEADER = PPCategoriesExample/PrefixHeader.h;
				INFOPLIST_FILE = PPCategoriesExample/Info.plist;
				LD_RUNPATH_SEARCH_PATHS = "$(inherited) @executable_path/Frameworks";
				PRODUCT_BUNDLE_IDENTIFIER = com.swift520.PPCategoriesExample;
				PRODUCT_NAME = "$(TARGET_NAME)";
			};
			name = Debug;
		};
		33557FB51E1CF24400B9A2EB /* Release */ = {
			isa = XCBuildConfiguration;
			buildSettings = {
				ASSETCATALOG_COMPILER_APPICON_NAME = AppIcon;
				GCC_PREFIX_HEADER = PPCategoriesExample/PrefixHeader.h;
				INFOPLIST_FILE = PPCategoriesExample/Info.plist;
				LD_RUNPATH_SEARCH_PATHS = "$(inherited) @executable_path/Frameworks";
				PRODUCT_BUNDLE_IDENTIFIER = com.swift520.PPCategoriesExample;
				PRODUCT_NAME = "$(TARGET_NAME)";
			};
			name = Release;
		};
		33557FB71E1CF24400B9A2EB /* Debug */ = {
			isa = XCBuildConfiguration;
			buildSettings = {
				BUNDLE_LOADER = "$(TEST_HOST)";
				INFOPLIST_FILE = PPCategoriesExampleTests/Info.plist;
				LD_RUNPATH_SEARCH_PATHS = "$(inherited) @executable_path/Frameworks @loader_path/Frameworks";
				PRODUCT_BUNDLE_IDENTIFIER = com.swift520.PPCategoriesExampleTests;
				PRODUCT_NAME = "$(TARGET_NAME)";
				TEST_HOST = "$(BUILT_PRODUCTS_DIR)/PPCategoriesExample.app/PPCategoriesExample";
			};
			name = Debug;
		};
		33557FB81E1CF24400B9A2EB /* Release */ = {
			isa = XCBuildConfiguration;
			buildSettings = {
				BUNDLE_LOADER = "$(TEST_HOST)";
				INFOPLIST_FILE = PPCategoriesExampleTests/Info.plist;
				LD_RUNPATH_SEARCH_PATHS = "$(inherited) @executable_path/Frameworks @loader_path/Frameworks";
				PRODUCT_BUNDLE_IDENTIFIER = com.swift520.PPCategoriesExampleTests;
				PRODUCT_NAME = "$(TARGET_NAME)";
				TEST_HOST = "$(BUILT_PRODUCTS_DIR)/PPCategoriesExample.app/PPCategoriesExample";
			};
			name = Release;
		};
		33557FBA1E1CF24400B9A2EB /* Debug */ = {
			isa = XCBuildConfiguration;
			buildSettings = {
				INFOPLIST_FILE = PPCategoriesExampleUITests/Info.plist;
				LD_RUNPATH_SEARCH_PATHS = "$(inherited) @executable_path/Frameworks @loader_path/Frameworks";
				PRODUCT_BUNDLE_IDENTIFIER = com.swift520.PPCategoriesExampleUITests;
				PRODUCT_NAME = "$(TARGET_NAME)";
				TEST_TARGET_NAME = PPCategoriesExample;
			};
			name = Debug;
		};
		33557FBB1E1CF24400B9A2EB /* Release */ = {
			isa = XCBuildConfiguration;
			buildSettings = {
				INFOPLIST_FILE = PPCategoriesExampleUITests/Info.plist;
				LD_RUNPATH_SEARCH_PATHS = "$(inherited) @executable_path/Frameworks @loader_path/Frameworks";
				PRODUCT_BUNDLE_IDENTIFIER = com.swift520.PPCategoriesExampleUITests;
				PRODUCT_NAME = "$(TARGET_NAME)";
				TEST_TARGET_NAME = PPCategoriesExample;
			};
			name = Release;
		};
/* End XCBuildConfiguration section */

/* Begin XCConfigurationList section */
		33557F811E1CF24300B9A2EB /* Build configuration list for PBXProject "PPCategoriesExample" */ = {
			isa = XCConfigurationList;
			buildConfigurations = (
				33557FB11E1CF24400B9A2EB /* Debug */,
				33557FB21E1CF24400B9A2EB /* Release */,
			);
			defaultConfigurationIsVisible = 0;
			defaultConfigurationName = Release;
		};
		33557FB31E1CF24400B9A2EB /* Build configuration list for PBXNativeTarget "PPCategoriesExample" */ = {
			isa = XCConfigurationList;
			buildConfigurations = (
				33557FB41E1CF24400B9A2EB /* Debug */,
				33557FB51E1CF24400B9A2EB /* Release */,
			);
			defaultConfigurationIsVisible = 0;
			defaultConfigurationName = Release;
		};
		33557FB61E1CF24400B9A2EB /* Build configuration list for PBXNativeTarget "PPCategoriesExampleTests" */ = {
			isa = XCConfigurationList;
			buildConfigurations = (
				33557FB71E1CF24400B9A2EB /* Debug */,
				33557FB81E1CF24400B9A2EB /* Release */,
			);
			defaultConfigurationIsVisible = 0;
			defaultConfigurationName = Release;
		};
		33557FB91E1CF24400B9A2EB /* Build configuration list for PBXNativeTarget "PPCategoriesExampleUITests" */ = {
			isa = XCConfigurationList;
			buildConfigurations = (
				33557FBA1E1CF24400B9A2EB /* Debug */,
				33557FBB1E1CF24400B9A2EB /* Release */,
			);
			defaultConfigurationIsVisible = 0;
			defaultConfigurationName = Release;
		};
/* End XCConfigurationList section */
	};
	rootObject = 33557F7E1E1CF24300B9A2EB /* Project object */;
}
